hash: c977765a8bc26a6c63bb5f98269e04249a25b6d11506319a839fe5f546c8f8b9
updated: 2017-10-20T19:14:12.66698199-05:00
imports:
- name: github.com/buger/goterm
  version: d443b9114f9c050367638a536310fbec36a0de11
- name: github.com/gogo/protobuf
  version: 2adc21fd136931e0388e278825291678e1d98309
  subpackages:
  - gogoproto
  - proto
  - protoc-gen-gogo/descriptor
- name: github.com/golang/protobuf
  version: 17ce1425424ab154092bbb43af630bd647f3bb0d
  subpackages:
  - proto
  - ptypes
  - ptypes/any
  - ptypes/duration
  - ptypes/timestamp
- name: github.com/jackc/pgx
  version: 2508faa9ced29f4bbb3a39483e4b5ac2627a7c48
  subpackages:
  - stdlib
- name: github.com/pkg/errors
  version: 2b3a18b5f0fb6b4f9190549597d3f962c02bc5eb
- name: github.com/sirupsen/logrus
  version: 89742aefa4b206dcf400792f3bd35b542998eb3b
- name: golang.org/x/crypto
  version: 541b9d50ad47e36efd8fb423e938e59ff1691f68
  subpackages:
  - ssh/terminal
- name: golang.org/x/net
  version: 66aacef3dd8a676686c7ae3716979581e8b03c47
  subpackages:
  - context
  - html
  - html/atom
  - html/charset
  - http2
  - http2/hpack
  - idna
  - internal/timeseries
  - lex/httplex
  - trace
- name: golang.org/x/sys
  version: 99f16d856c9836c42d24e7ab64ea72916925fa97
  subpackages:
  - unix
  - windows
- name: golang.org/x/text
  version: bd91bbf73e9a4a801adbfb97133c992678533126
  subpackages:
  - encoding
  - encoding/charmap
  - encoding/htmlindex
  - encoding/internal
  - encoding/internal/identifier
  - encoding/japanese
  - encoding/korean
  - encoding/simplifiedchinese
  - encoding/traditionalchinese
  - encoding/unicode
  - internal/tag
  - internal/utf8internal
  - language
  - runes
  - secure/bidirule
  - transform
  - unicode/bidi
  - unicode/norm
- name: google.golang.org/genproto
  version: ee236bd376b077c7a89f260c026c4735b195e459
  subpackages:
  - googleapis/rpc/status
- name: google.golang.org/grpc
  version: a5986a5c88227370a9c0a82e5277167229c034cd
  subpackages:
  - balancer
  - balancer/roundrobin
  - codes
  - connectivity
  - credentials
  - grpclb/grpc_lb_v1/messages
  - grpclog
  - internal
  - keepalive
  - metadata
  - naming
  - peer
  - resolver
  - resolver/dns
  - resolver/passthrough
  - stats
  - status
  - tap
  - transport
testImports:
- name: github.com/onsi/ginkgo
  version: 11459a886d9cd66b319dac7ef1e917ee221372c9
  subpackages:
  - config
  - internal/codelocation
  - internal/containernode
  - internal/failer
  - internal/leafnodes
  - internal/remote
  - internal/spec
  - internal/spec_iterator
  - internal/specrunner
  - internal/suite
  - internal/testingtproxy
  - internal/writer
  - reporters
  - reporters/stenographer
  - reporters/stenographer/support/go-colorable
  - reporters/stenographer/support/go-isatty
  - types
- name: github.com/onsi/gomega
  version: dcabb60a477c2b6f456df65037cb6708210fbb02
  subpackages:
  - format
  - internal/assertion
  - internal/asyncassertion
  - internal/oraclematcher
  - internal/testingtsupport
  - matchers
  - matchers/support/goraph/bipartitegraph
  - matchers/support/goraph/edge
  - matchers/support/goraph/node
  - matchers/support/goraph/util
  - types
- name: gopkg.in/yaml.v2
  version: eb3733d160e74a9c7e442f435eb3bea458e1d19f
